// !$*UTF8*$!
{
	archiveVersion = 1;
	classes = {
	};
	objectVersion = 46;
	objects = {

/* Begin PBXBuildFile section */
		7284E03A1ADBE4C30005F140 /* SwiftyJSON.framework in Frameworks */ = {isa = PBXBuildFile; fileRef = 7284E0391ADBE4C30005F140 /* SwiftyJSON.framework */; };
		7284E03B1ADBE4D00005F140 /* SwiftyJSON.framework in Frameworks */ = {isa = PBXBuildFile; fileRef = 7284E0391ADBE4C30005F140 /* SwiftyJSON.framework */; };
		7284E03C1ADBE4D00005F140 /* SwiftyJSON.framework in Embed Frameworks */ = {isa = PBXBuildFile; fileRef = 7284E0391ADBE4C30005F140 /* SwiftyJSON.framework */; settings = {ATTRIBUTES = (CodeSignOnCopy, RemoveHeadersOnCopy, ); }; };
		7284E03E1ADC28510005F140 /* Kingfisher.framework in Frameworks */ = {isa = PBXBuildFile; fileRef = 7284E03D1ADC28510005F140 /* Kingfisher.framework */; };
		7284E03F1ADC28B80005F140 /* Kingfisher.framework in Frameworks */ = {isa = PBXBuildFile; fileRef = 7284E03D1ADC28510005F140 /* Kingfisher.framework */; };
		7284E0401ADC28B80005F140 /* Kingfisher.framework in Embed Frameworks */ = {isa = PBXBuildFile; fileRef = 7284E03D1ADC28510005F140 /* Kingfisher.framework */; settings = {ATTRIBUTES = (CodeSignOnCopy, RemoveHeadersOnCopy, ); }; };
		72B104671ADABDF9008ACEEC /* AppDelegate.swift in Sources */ = {isa = PBXBuildFile; fileRef = 72B104661ADABDF9008ACEEC /* AppDelegate.swift */; };
		72B104691ADABDF9008ACEEC /* TopicViewController.swift in Sources */ = {isa = PBXBuildFile; fileRef = 72B104681ADABDF9008ACEEC /* TopicViewController.swift */; };
		72B1046C1ADABDF9008ACEEC /* Main.storyboard in Resources */ = {isa = PBXBuildFile; fileRef = 72B1046A1ADABDF9008ACEEC /* Main.storyboard */; };
		72B1046E1ADABDF9008ACEEC /* Images.xcassets in Resources */ = {isa = PBXBuildFile; fileRef = 72B1046D1ADABDF9008ACEEC /* Images.xcassets */; };
		72B104711ADABDF9008ACEEC /* LaunchScreen.xib in Resources */ = {isa = PBXBuildFile; fileRef = 72B1046F1ADABDF9008ACEEC /* LaunchScreen.xib */; };
		72B1047D1ADABDF9008ACEEC /* MyV2exTests.swift in Sources */ = {isa = PBXBuildFile; fileRef = 72B1047C1ADABDF9008ACEEC /* MyV2exTests.swift */; };
		72C627721ADB8E5D0032A9FC /* TopicCell.xib in Resources */ = {isa = PBXBuildFile; fileRef = 72C627711ADB8E5D0032A9FC /* TopicCell.xib */; };
		72C627741ADB90860032A9FC /* TopicCell.swift in Sources */ = {isa = PBXBuildFile; fileRef = 72C627731ADB90860032A9FC /* TopicCell.swift */; };
		72C627761ADB91FF0032A9FC /* APIClient.swift in Sources */ = {isa = PBXBuildFile; fileRef = 72C627751ADB91FF0032A9FC /* APIClient.swift */; };
		72C6277D1ADBA4E80032A9FC /* Alamofire.framework in Embed Frameworks */ = {isa = PBXBuildFile; fileRef = 72FE69871ADAC0BB0083FADE /* Alamofire.framework */; settings = {ATTRIBUTES = (CodeSignOnCopy, RemoveHeadersOnCopy, ); }; };
		72FE69881ADAC0BB0083FADE /* Alamofire.framework in Frameworks */ = {isa = PBXBuildFile; fileRef = 72FE69871ADAC0BB0083FADE /* Alamofire.framework */; };
		72FE698C1ADAC9410083FADE /* HMSegmentedControl.m in Sources */ = {isa = PBXBuildFile; fileRef = 72FE698B1ADAC9410083FADE /* HMSegmentedControl.m */; };
/* End PBXBuildFile section */

/* Begin PBXContainerItemProxy section */
		72B104771ADABDF9008ACEEC /* PBXContainerItemProxy */ = {
			isa = PBXContainerItemProxy;
			containerPortal = 72B104591ADABDF9008ACEEC /* Project object */;
			proxyType = 1;
			remoteGlobalIDString = 72B104601ADABDF9008ACEEC;
			remoteInfo = MyV2ex;
		};
/* End PBXContainerItemProxy section */

/* Begin PBXCopyFilesBuildPhase section */
		72C6277E1ADBA4E90032A9FC /* Embed Frameworks */ = {
			isa = PBXCopyFilesBuildPhase;
			buildActionMask = 2147483647;
			dstPath = "";
			dstSubfolderSpec = 10;
			files = (
				7284E03C1ADBE4D00005F140 /* SwiftyJSON.framework in Embed Frameworks */,
				7284E0401ADC28B80005F140 /* Kingfisher.framework in Embed Frameworks */,
				72C6277D1ADBA4E80032A9FC /* Alamofire.framework in Embed Frameworks */,
			);
			name = "Embed Frameworks";
			runOnlyForDeploymentPostprocessing = 0;
		};
/* End PBXCopyFilesBuildPhase section */

/* Begin PBXFileReference section */
		7284E0391ADBE4C30005F140 /* SwiftyJSON.framework */ = {isa = PBXFileReference; lastKnownFileType = wrapper.framework; name = SwiftyJSON.framework; path = Carthage/Build/iOS/SwiftyJSON.framework; sourceTree = "<group>"; };
		7284E03D1ADC28510005F140 /* Kingfisher.framework */ = {isa = PBXFileReference; lastKnownFileType = wrapper.framework; name = Kingfisher.framework; path = Carthage/Build/iOS/Kingfisher.framework; sourceTree = "<group>"; };
		72B104611ADABDF9008ACEEC /* MyV2ex.app */ = {isa = PBXFileReference; explicitFileType = wrapper.application; includeInIndex = 0; path = MyV2ex.app; sourceTree = BUILT_PRODUCTS_DIR; };
		72B104651ADABDF9008ACEEC /* Info.plist */ = {isa = PBXFileReference; lastKnownFileType = text.plist.xml; path = Info.plist; sourceTree = "<group>"; };
		72B104661ADABDF9008ACEEC /* AppDelegate.swift */ = {isa = PBXFileReference; lastKnownFileType = sourcecode.swift; path = AppDelegate.swift; sourceTree = "<group>"; };
		72B104681ADABDF9008ACEEC /* TopicViewController.swift */ = {isa = PBXFileReference; lastKnownFileType = sourcecode.swift; path = TopicViewController.swift; sourceTree = "<group>"; };
		72B1046B1ADABDF9008ACEEC /* Base */ = {isa = PBXFileReference; lastKnownFileType = file.storyboard; name = Base; path = Base.lproj/Main.storyboard; sourceTree = "<group>"; };
		72B1046D1ADABDF9008ACEEC /* Images.xcassets */ = {isa = PBXFileReference; lastKnownFileType = folder.assetcatalog; path = Images.xcassets; sourceTree = "<group>"; };
		72B104701ADABDF9008ACEEC /* Base */ = {isa = PBXFileReference; lastKnownFileType = file.xib; name = Base; path = Base.lproj/LaunchScreen.xib; sourceTree = "<group>"; };
		72B104761ADABDF9008ACEEC /* MyV2exTests.xctest */ = {isa = PBXFileReference; explicitFileType = wrapper.cfbundle; includeInIndex = 0; path = MyV2exTests.xctest; sourceTree = BUILT_PRODUCTS_DIR; };
		72B1047B1ADABDF9008ACEEC /* Info.plist */ = {isa = PBXFileReference; lastKnownFileType = text.plist.xml; path = Info.plist; sourceTree = "<group>"; };
		72B1047C1ADABDF9008ACEEC /* MyV2exTests.swift */ = {isa = PBXFileReference; lastKnownFileType = sourcecode.swift; path = MyV2exTests.swift; sourceTree = "<group>"; };
		72C627711ADB8E5D0032A9FC /* TopicCell.xib */ = {isa = PBXFileReference; fileEncoding = 4; lastKnownFileType = file.xib; path = TopicCell.xib; sourceTree = "<group>"; };
		72C627731ADB90860032A9FC /* TopicCell.swift */ = {isa = PBXFileReference; fileEncoding = 4; lastKnownFileType = sourcecode.swift; path = TopicCell.swift; sourceTree = "<group>"; };
		72C627751ADB91FF0032A9FC /* APIClient.swift */ = {isa = PBXFileReference; fileEncoding = 4; lastKnownFileType = sourcecode.swift; path = APIClient.swift; sourceTree = "<group>"; };
		72FE69871ADAC0BB0083FADE /* Alamofire.framework */ = {isa = PBXFileReference; lastKnownFileType = wrapper.framework; name = Alamofire.framework; path = Carthage/Build/iOS/Alamofire.framework; sourceTree = "<group>"; };
		72FE69891ADAC9400083FADE /* MyV2ex-Bridging-Header.h */ = {isa = PBXFileReference; lastKnownFileType = sourcecode.c.h; path = "MyV2ex-Bridging-Header.h"; sourceTree = "<group>"; };
		72FE698A1ADAC9410083FADE /* HMSegmentedControl.h */ = {isa = PBXFileReference; fileEncoding = 4; lastKnownFileType = sourcecode.c.h; path = HMSegmentedControl.h; sourceTree = "<group>"; };
		72FE698B1ADAC9410083FADE /* HMSegmentedControl.m */ = {isa = PBXFileReference; fileEncoding = 4; lastKnownFileType = sourcecode.c.objc; path = HMSegmentedControl.m; sourceTree = "<group>"; };
/* End PBXFileReference section */

/* Begin PBXFrameworksBuildPhase section */
		72B1045E1ADABDF9008ACEEC /* Frameworks */ = {
			isa = PBXFrameworksBuildPhase;
			buildActionMask = 2147483647;
			files = (
				7284E03F1ADC28B80005F140 /* Kingfisher.framework in Frameworks */,
				72FE69881ADAC0BB0083FADE /* Alamofire.framework in Frameworks */,
				7284E03A1ADBE4C30005F140 /* SwiftyJSON.framework in Frameworks */,
				7284E03E1ADC28510005F140 /* Kingfisher.framework in Frameworks */,
				7284E03B1ADBE4D00005F140 /* SwiftyJSON.framework in Frameworks */,
			);
			runOnlyForDeploymentPostprocessing = 0;
		};
		72B104731ADABDF9008ACEEC /* Frameworks */ = {
			isa = PBXFrameworksBuildPhase;
			buildActionMask = 2147483647;
			files = (
			);
			runOnlyForDeploymentPostprocessing = 0;
		};
/* End PBXFrameworksBuildPhase section */

/* Begin PBXGroup section */
		72B104581ADABDF9008ACEEC = {
			isa = PBXGroup;
			children = (
				7284E03D1ADC28510005F140 /* Kingfisher.framework */,
				7284E0391ADBE4C30005F140 /* SwiftyJSON.framework */,
				72FE69871ADAC0BB0083FADE /* Alamofire.framework */,
				72B104631ADABDF9008ACEEC /* MyV2ex */,
				72B104791ADABDF9008ACEEC /* MyV2exTests */,
				72B104621ADABDF9008ACEEC /* Products */,
			);
			sourceTree = "<group>";
		};
		72B104621ADABDF9008ACEEC /* Products */ = {
			isa = PBXGroup;
			children = (
				72B104611ADABDF9008ACEEC /* MyV2ex.app */,
				72B104761ADABDF9008ACEEC /* MyV2exTests.xctest */,
			);
			name = Products;
			sourceTree = "<group>";
		};
		72B104631ADABDF9008ACEEC /* MyV2ex */ = {
			isa = PBXGroup;
			children = (
				72C627701ADB8E390032A9FC /* viewControllers */,
				72B104661ADABDF9008ACEEC /* AppDelegate.swift */,
				72C627771ADB920C0032A9FC /* Model */,
				72FE698D1ADAC9490083FADE /* vendor */,
				72B104681ADABDF9008ACEEC /* TopicViewController.swift */,
				72B1046A1ADABDF9008ACEEC /* Main.storyboard */,
				72B1046D1ADABDF9008ACEEC /* Images.xcassets */,
				72B1046F1ADABDF9008ACEEC /* LaunchScreen.xib */,
				72B104641ADABDF9008ACEEC /* Supporting Files */,
				72FE69891ADAC9400083FADE /* MyV2ex-Bridging-Header.h */,
			);
			path = MyV2ex;
			sourceTree = "<group>";
		};
		72B104641ADABDF9008ACEEC /* Supporting Files */ = {
			isa = PBXGroup;
			children = (
				72B104651ADABDF9008ACEEC /* Info.plist */,
			);
			name = "Supporting Files";
			sourceTree = "<group>";
		};
		72B104791ADABDF9008ACEEC /* MyV2exTests */ = {
			isa = PBXGroup;
			children = (
				72B1047C1ADABDF9008ACEEC /* MyV2exTests.swift */,
				72B1047A1ADABDF9008ACEEC /* Supporting Files */,
			);
			path = MyV2exTests;
			sourceTree = "<group>";
		};
		72B1047A1ADABDF9008ACEEC /* Supporting Files */ = {
			isa = PBXGroup;
			children = (
				72B1047B1ADABDF9008ACEEC /* Info.plist */,
			);
			name = "Supporting Files";
			sourceTree = "<group>";
		};
		72C627701ADB8E390032A9FC /* viewControllers */ = {
			isa = PBXGroup;
			children = (
				72C627711ADB8E5D0032A9FC /* TopicCell.xib */,
				72C627731ADB90860032A9FC /* TopicCell.swift */,
			);
			name = viewControllers;
			sourceTree = "<group>";
		};
		72C627771ADB920C0032A9FC /* Model */ = {
			isa = PBXGroup;
			children = (
				72C627751ADB91FF0032A9FC /* APIClient.swift */,
			);
			name = Model;
			sourceTree = "<group>";
		};
		72FE698D1ADAC9490083FADE /* vendor */ = {
			isa = PBXGroup;
			children = (
				72FE698A1ADAC9410083FADE /* HMSegmentedControl.h */,
				72FE698B1ADAC9410083FADE /* HMSegmentedControl.m */,
			);
			name = vendor;
			sourceTree = "<group>";
		};
/* End PBXGroup section */

/* Begin PBXNativeTarget section */
		72B104601ADABDF9008ACEEC /* MyV2ex */ = {
			isa = PBXNativeTarget;
			buildConfigurationList = 72B104801ADABDF9008ACEEC /* Build configuration list for PBXNativeTarget "MyV2ex" */;
			buildPhases = (
				72B1045D1ADABDF9008ACEEC /* Sources */,
				72B1045E1ADABDF9008ACEEC /* Frameworks */,
				72B1045F1ADABDF9008ACEEC /* Resources */,
				72C6277E1ADBA4E90032A9FC /* Embed Frameworks */,
			);
			buildRules = (
			);
			dependencies = (
			);
			name = MyV2ex;
			productName = MyV2ex;
			productReference = 72B104611ADABDF9008ACEEC /* MyV2ex.app */;
			productType = "com.apple.product-type.application";
		};
		72B104751ADABDF9008ACEEC /* MyV2exTests */ = {
			isa = PBXNativeTarget;
			buildConfigurationList = 72B104831ADABDF9008ACEEC /* Build configuration list for PBXNativeTarget "MyV2exTests" */;
			buildPhases = (
				72B104721ADABDF9008ACEEC /* Sources */,
				72B104731ADABDF9008ACEEC /* Frameworks */,
				72B104741ADABDF9008ACEEC /* Resources */,
			);
			buildRules = (
			);
			dependencies = (
				72B104781ADABDF9008ACEEC /* PBXTargetDependency */,
			);
			name = MyV2exTests;
			productName = MyV2exTests;
			productReference = 72B104761ADABDF9008ACEEC /* MyV2exTests.xctest */;
			productType = "com.apple.product-type.bundle.unit-test";
		};
/* End PBXNativeTarget section */

/* Begin PBXProject section */
		72B104591ADABDF9008ACEEC /* Project object */ = {
			isa = PBXProject;
			attributes = {
				LastUpgradeCheck = 0630;
				ORGANIZATIONNAME = wangchi;
				TargetAttributes = {
					72B104601ADABDF9008ACEEC = {
						CreatedOnToolsVersion = 6.3;
					};
					72B104751ADABDF9008ACEEC = {
						CreatedOnToolsVersion = 6.3;
						TestTargetID = 72B104601ADABDF9008ACEEC;
					};
				};
			};
			buildConfigurationList = 72B1045C1ADABDF9008ACEEC /* Build configuration list for PBXProject "MyV2ex" */;
			compatibilityVersion = "Xcode 3.2";
			developmentRegion = English;
			hasScannedForEncodings = 0;
			knownRegions = (
				en,
				Base,
			);
			mainGroup = 72B104581ADABDF9008ACEEC;
			productRefGroup = 72B104621ADABDF9008ACEEC /* Products */;
			projectDirPath = "";
			projectRoot = "";
			targets = (
				72B104601ADABDF9008ACEEC /* MyV2ex */,
				72B104751ADABDF9008ACEEC /* MyV2exTests */,
			);
		};
/* End PBXProject section */

/* Begin PBXResourcesBuildPhase section */
		72B1045F1ADABDF9008ACEEC /* Resources */ = {
			isa = PBXResourcesBuildPhase;
			buildActionMask = 2147483647;
			files = (
				72B1046C1ADABDF9008ACEEC /* Main.storyboard in Resources */,
				72C627721ADB8E5D0032A9FC /* TopicCell.xib in Resources */,
				72B104711ADABDF9008ACEEC /* LaunchScreen.xib in Resources */,
				72B1046E1ADABDF9008ACEEC /* Images.xcassets in Resources */,
			);
			runOnlyForDeploymentPostprocessing = 0;
		};
		72B104741ADABDF9008ACEEC /* Resources */ = {
			isa = PBXResourcesBuildPhase;
			buildActionMask = 2147483647;
			files = (
			);
			runOnlyForDeploymentPostprocessing = 0;
		};
/* End PBXResourcesBuildPhase section */

/* Begin PBXSourcesBuildPhase section */
		72B1045D1ADABDF9008ACEEC /* Sources */ = {
			isa = PBXSourcesBuildPhase;
			buildActionMask = 2147483647;
			files = (
				72FE698C1ADAC9410083FADE /* HMSegmentedControl.m in Sources */,
				72B104691ADABDF9008ACEEC /* TopicViewController.swift in Sources */,
				72B104671ADABDF9008ACEEC /* AppDelegate.swift in Sources */,
				72C627741ADB90860032A9FC /* TopicCell.swift in Sources */,
				72C627761ADB91FF0032A9FC /* APIClient.swift in Sources */,
			);
			runOnlyForDeploymentPostprocessing = 0;
		};
		72B104721ADABDF9008ACEEC /* Sources */ = {
			isa = PBXSourcesBuildPhase;
			buildActionMask = 2147483647;
			files = (
				72B1047D1ADABDF9008ACEEC /* MyV2exTests.swift in Sources */,
			);
			runOnlyForDeploymentPostprocessing = 0;
		};
/* End PBXSourcesBuildPhase section */

/* Begin PBXTargetDependency section */
		72B104781ADABDF9008ACEEC /* PBXTargetDependency */ = {
			isa = PBXTargetDependency;
			target = 72B104601ADABDF9008ACEEC /* MyV2ex */;
			targetProxy = 72B104771ADABDF9008ACEEC /* PBXContainerItemProxy */;
		};
/* End PBXTargetDependency section */

/* Begin PBXVariantGroup section */
		72B1046A1ADABDF9008ACEEC /* Main.storyboard */ = {
			isa = PBXVariantGroup;
			children = (
				72B1046B1ADABDF9008ACEEC /* Base */,
			);
			name = Main.storyboard;
			sourceTree = "<group>";
		};
		72B1046F1ADABDF9008ACEEC /* LaunchScreen.xib */ = {
			isa = PBXVariantGroup;
			children = (
				72B104701ADABDF9008ACEEC /* Base */,
			);
			name = LaunchScreen.xib;
			sourceTree = "<group>";
		};
/* End PBXVariantGroup section */

/* Begin XCBuildConfiguration section */
		72B1047E1ADABDF9008ACEEC /* Debug */ = {
			isa = XCBuildConfiguration;
			buildSettings = {
				ALWAYS_SEARCH_USER_PATHS = NO;
				CLANG_CXX_LANGUAGE_STANDARD = "gnu++0x";
				CLANG_CXX_LIBRARY = "libc++";
				CLANG_ENABLE_MODULES = YES;
				CLANG_ENABLE_OBJC_ARC = YES;
				CLANG_WARN_BOOL_CONVERSION = YES;
				CLANG_WARN_CONSTANT_CONVERSION = YES;
				CLANG_WARN_DIRECT_OBJC_ISA_USAGE = YES_ERROR;
				CLANG_WARN_EMPTY_BODY = YES;
				CLANG_WARN_ENUM_CONVERSION = YES;
				CLANG_WARN_INT_CONVERSION = YES;
				CLANG_WARN_OBJC_ROOT_CLASS = YES_ERROR;
				CLANG_WARN_UNREACHABLE_CODE = YES;
				CLANG_WARN__DUPLICATE_METHOD_MATCH = YES;
				"CODE_SIGN_IDENTITY[sdk=iphoneos*]" = "iPhone Developer";
				COPY_PHASE_STRIP = NO;
				DEBUG_INFORMATION_FORMAT = "dwarf-with-dsym";
				ENABLE_STRICT_OBJC_MSGSEND = YES;
				GCC_C_LANGUAGE_STANDARD = gnu99;
				GCC_DYNAMIC_NO_PIC = NO;
				GCC_NO_COMMON_BLOCKS = YES;
				GCC_OPTIMIZATION_LEVEL = 0;
				GCC_PREPROCESSOR_DEFINITIONS = (
					"DEBUG=1",
					"$(inherited)",
				);
				GCC_SYMBOLS_PRIVATE_EXTERN = NO;
				GCC_WARN_64_TO_32_BIT_CONVERSION = YES;
				GCC_WARN_ABOUT_RETURN_TYPE = YES_ERROR;
				GCC_WARN_UNDECLARED_SELECTOR = YES;
				GCC_WARN_UNINITIALIZED_AUTOS = YES_AGGRESSIVE;
				GCC_WARN_UNUSED_FUNCTION = YES;
				GCC_WARN_UNUSED_VARIABLE = YES;
				IPHONEOS_DEPLOYMENT_TARGET = 8.3;
				MTL_ENABLE_DEBUG_INFO = YES;
				ONLY_ACTIVE_ARCH = YES;
				SDKROOT = iphoneos;
				SWIFT_OPTIMIZATION_LEVEL = "-Onone";
			};
			name = Debug;
		};
		72B1047F1ADABDF9008ACEEC /* Release */ = {
			isa = XCBuildConfiguration;
			buildSettings = {
				ALWAYS_SEARCH_USER_PATHS = NO;
				CLANG_CXX_LANGUAGE_STANDARD = "gnu++0x";
				CLANG_CXX_LIBRARY = "libc++";
				CLANG_ENABLE_MODULES = YES;
				CLANG_ENABLE_OBJC_ARC = YES;
				CLANG_WARN_BOOL_CONVERSION = YES;
				CLANG_WARN_CONSTANT_CONVERSION = YES;
				CLANG_WARN_DIRECT_OBJC_ISA_USAGE = YES_ERROR;
				CLANG_WARN_EMPTY_BODY = YES;
				CLANG_WARN_ENUM_CONVERSION = YES;
				CLANG_WARN_INT_CONVERSION = YES;
				CLANG_WARN_OBJC_ROOT_CLASS = YES_ERROR;
				CLANG_WARN_UNREACHABLE_CODE = YES;
				CLANG_WARN__DUPLICATE_METHOD_MATCH = YES;
				"CODE_SIGN_IDENTITY[sdk=iphoneos*]" = "iPhone Developer";
				COPY_PHASE_STRIP = NO;
				DEBUG_INFORMATION_FORMAT = "dwarf-with-dsym";
				ENABLE_NS_ASSERTIONS = NO;
				ENABLE_STRICT_OBJC_MSGSEND = YES;
				GCC_C_LANGUAGE_STANDARD = gnu99;
				GCC_NO_COMMON_BLOCKS = YES;
				GCC_WARN_64_TO_32_BIT_CONVERSION = YES;
				GCC_WARN_ABOUT_RETURN_TYPE = YES_ERROR;
				GCC_WARN_UNDECLARED_SELECTOR = YES;
				GCC_WARN_UNINITIALIZED_AUTOS = YES_AGGRESSIVE;
				GCC_WARN_UNUSED_FUNCTION = YES;
				GCC_WARN_UNUSED_VARIABLE = YES;
				IPHONEOS_DEPLOYMENT_TARGET = 8.3;
				MTL_ENABLE_DEBUG_INFO = NO;
				SDKROOT = iphoneos;
				VALIDATE_PRODUCT = YES;
			};
			name = Release;
		};
		72B104811ADABDF9008ACEEC /* Debug */ = {
			isa = XCBuildConfiguration;
			buildSettings = {
				ASSETCATALOG_COMPILER_APPICON_NAME = AppIcon;
				CLANG_ENABLE_MODULES = YES;
				FRAMEWORK_SEARCH_PATHS = (
					"$(inherited)",
					"$(PROJECT_DIR)/Carthage/Build/iOS",
				);
				INFOPLIST_FILE = MyV2ex/Info.plist;
				LD_RUNPATH_SEARCH_PATHS = "$(inherited) @executable_path/Frameworks";
				PRODUCT_NAME = "$(TARGET_NAME)";
				SWIFT_OBJC_BRIDGING_HEADER = "MyV2ex/MyV2ex-Bridging-Header.h";
				SWIFT_OPTIMIZATION_LEVEL = "-Onone";
			};
			name = Debug;
		};
		72B104821ADABDF9008ACEEC /* Release */ = {
			isa = XCBuildConfiguration;
			buildSettings = {
				ASSETCATALOG_COMPILER_APPICON_NAME = AppIcon;
				CLANG_ENABLE_MODULES = YES;
				FRAMEWORK_SEARCH_PATHS = (
					"$(inherited)",
					"$(PROJECT_DIR)/Carthage/Build/iOS",
				);
				INFOPLIST_FILE = MyV2ex/Info.plist;
				LD_RUNPATH_SEARCH_PATHS = "$(inherited) @executable_path/Frameworks";
				PRODUCT_NAME = "$(TARGET_NAME)";
				SWIFT_OBJC_BRIDGING_HEADER = "MyV2ex/MyV2ex-Bridging-Header.h";
			};
			name = Release;
		};
		72B104841ADABDF9008ACEEC /* Debug */ = {
			isa = XCBuildConfiguration;
			buildSettings = {
				BUNDLE_LOADER = "$(TEST_HOST)";
				FRAMEWORK_SEARCH_PATHS = (
					"$(SDKROOT)/Developer/Library/Frameworks",
					"$(inherited)",
				);
				GCC_PREPROCESSOR_DEFINITIONS = (
					"DEBUG=1",
					"$(inherited)",
				);
				INFOPLIST_FILE = MyV2exTests/Info.plist;
				LD_RUNPATH_SEARCH_PATHS = "$(inherited) @executable_path/Frameworks @loader_path/Frameworks";
				PRODUCT_NAME = "$(TARGET_NAME)";
				TEST_HOST = "$(BUILT_PRODUCTS_DIR)/MyV2ex.app/MyV2ex";
			};
			name = Debug;
		};
		72B104851ADABDF9008ACEEC /* Release */ = {
			isa = XCBuildConfiguration;
			buildSettings = {
				BUNDLE_LOADER = "$(TEST_HOST)";
				FRAMEWORK_SEARCH_PATHS = (
					"$(SDKROOT)/Developer/Library/Frameworks",
					"$(inherited)",
				);
				INFOPLIST_FILE = MyV2exTests/Info.plist;
				LD_RUNPATH_SEARCH_PATHS = "$(inherited) @executable_path/Frameworks @loader_path/Frameworks";
				PRODUCT_NAME = "$(TARGET_NAME)";
				TEST_HOST = "$(BUILT_PRODUCTS_DIR)/MyV2ex.app/MyV2ex";
			};
			name = Release;
		};
/* End XCBuildConfiguration section */

/* Begin XCConfigurationList section */
		72B1045C1ADABDF9008ACEEC /* Build configuration list for PBXProject "MyV2ex" */ = {
			isa = XCConfigurationList;
			buildConfigurations = (
				72B1047E1ADABDF9008ACEEC /* Debug */,
				72B1047F1ADABDF9008ACEEC /* Release */,
			);
			defaultConfigurationIsVisible = 0;
			defaultConfigurationName = Release;
		};
		72B104801ADABDF9008ACEEC /* Build configuration list for PBXNativeTarget "MyV2ex" */ = {
			isa = XCConfigurationList;
			buildConfigurations = (
				72B104811ADABDF9008ACEEC /* Debug */,
				72B104821ADABDF9008ACEEC /* Release */,
			);
			defaultConfigurationIsVisible = 0;
			defaultConfigurationName = Release;
		};
		72B104831ADABDF9008ACEEC /* Build configuration list for PBXNativeTarget "MyV2exTests" */ = {
			isa = XCConfigurationList;
			buildConfigurations = (
				72B104841ADABDF9008ACEEC /* Debug */,
				72B104851ADABDF9008ACEEC /* Release */,
			);
			defaultConfigurationIsVisible = 0;
			defaultConfigurationName = Release;
		};
/* End XCConfigurationList section */
	};
	rootObject = 72B104591ADABDF9008ACEEC /* Project object */;
}
